
Microsoft Visual Studio Solution File, Format Version 12.00
# Visual Studio Version 17
VisualStudioVersion = 17.5.33530.505
MinimumVisualStudioVersion = 10.0.40219.1
Project("{FAE04EC0-301F-11D3-BF4B-00C04F79EFBC}") = "EnvironmentsExample", "EnvironmentsExample\EnvironmentsExample.csproj", "{0976A336-0923-42FF-BB8C-E15AE799A481}"
EndProject
Global
	GlobalSection(SolutionConfigurationPlatforms) = preSolution
		Debug|Any CPU = Debug|Any CPU
		Release|Any CPU = Release|Any CPU
	EndGlobalSection
	GlobalSection(ProjectConfigurationPlatforms) = postSolution
		{0976A336-0923-42FF-BB8C-E15AE799A481}.Debug|Any CPU.ActiveCfg = Debug|Any CPU
		{0976A336-0923-42FF-BB8C-E15AE799A481}.Debug|Any CPU.Build.0 = Debug|Any CPU
		{0976A336-0923-42FF-BB8C-E15AE799A481}.Release|Any CPU.ActiveCfg = Release|Any CPU
		{0976A336-0923-42FF-BB8C-E15AE799A481}.Release|Any CPU.Build.0 = Release|Any CPU
	EndGlobalSection
	GlobalSection(SolutionProperties) = preSolution
		HideSolutionNode = FALSE
	EndGlobalSection
	GlobalSection(ExtensibilityGlobals) = postSolution
		SolutionGuid = {D55B548F-BF9A-4F42-A18A-ED4CA700B70F}
	EndGlobalSection
EndGlobal
